
Microsoft Visual Studio Solution File, Format Version 12.00
# Visual Studio Version 16
VisualStudioVersion = 16.0.31205.134
MinimumVisualStudioVersion = 10.0.40219.1
Project("{9A19103F-16F7-4668-BE54-9A1E7A4F7556}") = "Opening-PDF-From-URL", "Opening-PDF-From-URL.csproj", "{6A00B906-B765-4631-AF35-458AC5567097}"
EndProject
Global
	GlobalSection(SolutionConfigurationPlatforms) = preSolution
		Debug|Any CPU = Debug|Any CPU
		Release|Any CPU = Release|Any CPU
	EndGlobalSection
	GlobalSection(ProjectConfigurationPlatforms) = postSolution
		{6A00B906-B765-4631-AF35-458AC5567097}.Debug|Any CPU.ActiveCfg = Debug|Any CPU
		{6A00B906-B765-4631-AF35-458AC5567097}.Debug|Any CPU.Build.0 = Debug|Any CPU
		{6A00B906-B765-4631-AF35-458AC5567097}.Release|Any CPU.ActiveCfg = Release|Any CPU
		{6A00B906-B765-4631-AF35-458AC5567097}.Release|Any CPU.Build.0 = Release|Any CPU
	EndGlobalSection
	GlobalSection(SolutionProperties) = preSolution
		HideSolutionNode = FALSE
	EndGlobalSection
	GlobalSection(ExtensibilityGlobals) = postSolution
		SolutionGuid = {C03DD7B3-D019-4866-A4DB-200426A8AC4D}
	EndGlobalSection
EndGlobal
